
Microsoft Visual Studio Solution File, Format Version 10.00
# Visual Studio 2008
Project("{FAE04EC0-301F-11D3-BF4B-00C04F79EFBC}") = "Example1", "Example1\Example1.csproj", "{390E2568-57B7-4D17-91E5-C29336368CCF}"
EndProject
Project("{FAE04EC0-301F-11D3-BF4B-00C04F79EFBC}") = "Example2", "Example2\Example2.csproj", "{B81A24C8-25BB-42B2-AF99-1E1EACCE74C7}"
EndProject
Project("{FAE04EC0-301F-11D3-BF4B-00C04F79EFBC}") = "Example3", "Example3\Example3.csproj", "{C648BA25-77E5-4A40-A97F-D0AA37B9FB26}"
EndProject
Project("{FAE04EC0-301F-11D3-BF4B-00C04F79EFBC}") = "WebSocketSharp.NetCore", "WebSocketSharp.NetCore\WebSocketSharp.NetCore.csproj", "{C763D900-12F9-4264-BB2B-D591AEBD8064}"
EndProject
Project("{2150E333-8FDC-42A3-9474-1A3956D46DE8}") = "Examples", "Examples", "{E15CB7D3-1999-4894-9FA6-FB3A43DF408D}"
EndProject
Project("{FAE04EC0-301F-11D3-BF4B-00C04F79EFBC}") = "WebSocketSharp.NetCore.Example", "WebSocketSharp.NetCore.Example\WebSocketSharp.NetCore.Example.csproj", "{DDDB113F-961B-4CF6-92DD-3248B9C90A3D}"
EndProject
Global
	GlobalSection(SolutionConfigurationPlatforms) = preSolution
		Debug|Any CPU = Debug|Any CPU
		Release|Any CPU = Release|Any CPU
		Debug_Ubuntu|Any CPU = Debug_Ubuntu|Any CPU
		Release_Ubuntu|Any CPU = Release_Ubuntu|Any CPU
	EndGlobalSection
	GlobalSection(ProjectConfigurationPlatforms) = postSolution
		{390E2568-57B7-4D17-91E5-C29336368CCF}.Debug_Ubuntu|Any CPU.ActiveCfg = Debug_Ubuntu|Any CPU
		{390E2568-57B7-4D17-91E5-C29336368CCF}.Debug_Ubuntu|Any CPU.Build.0 = Debug_Ubuntu|Any CPU
		{390E2568-57B7-4D17-91E5-C29336368CCF}.Debug|Any CPU.ActiveCfg = Debug|Any CPU
		{390E2568-57B7-4D17-91E5-C29336368CCF}.Debug|Any CPU.Build.0 = Debug|Any CPU
		{390E2568-57B7-4D17-91E5-C29336368CCF}.Release_Ubuntu|Any CPU.ActiveCfg = Release_Ubuntu|Any CPU
		{390E2568-57B7-4D17-91E5-C29336368CCF}.Release_Ubuntu|Any CPU.Build.0 = Release_Ubuntu|Any CPU
		{390E2568-57B7-4D17-91E5-C29336368CCF}.Release|Any CPU.ActiveCfg = Release|Any CPU
		{390E2568-57B7-4D17-91E5-C29336368CCF}.Release|Any CPU.Build.0 = Release|Any CPU
		{B81A24C8-25BB-42B2-AF99-1E1EACCE74C7}.Debug_Ubuntu|Any CPU.ActiveCfg = Debug_Ubuntu|Any CPU
		{B81A24C8-25BB-42B2-AF99-1E1EACCE74C7}.Debug_Ubuntu|Any CPU.Build.0 = Debug_Ubuntu|Any CPU
		{B81A24C8-25BB-42B2-AF99-1E1EACCE74C7}.Debug|Any CPU.ActiveCfg = Debug|Any CPU
		{B81A24C8-25BB-42B2-AF99-1E1EACCE74C7}.Debug|Any CPU.Build.0 = Debug|Any CPU
		{B81A24C8-25BB-42B2-AF99-1E1EACCE74C7}.Release_Ubuntu|Any CPU.ActiveCfg = Release_Ubuntu|Any CPU
		{B81A24C8-25BB-42B2-AF99-1E1EACCE74C7}.Release_Ubuntu|Any CPU.Build.0 = Release_Ubuntu|Any CPU
		{B81A24C8-25BB-42B2-AF99-1E1EACCE74C7}.Release|Any CPU.ActiveCfg = Release|Any CPU
		{B81A24C8-25BB-42B2-AF99-1E1EACCE74C7}.Release|Any CPU.Build.0 = Release|Any CPU
		{C648BA25-77E5-4A40-A97F-D0AA37B9FB26}.Debug_Ubuntu|Any CPU.ActiveCfg = Debug_Ubuntu|Any CPU
		{C648BA25-77E5-4A40-A97F-D0AA37B9FB26}.Debug_Ubuntu|Any CPU.Build.0 = Debug_Ubuntu|Any CPU
		{C648BA25-77E5-4A40-A97F-D0AA37B9FB26}.Debug|Any CPU.ActiveCfg = Debug|Any CPU
		{C648BA25-77E5-4A40-A97F-D0AA37B9FB26}.Debug|Any CPU.Build.0 = Debug|Any CPU
		{C648BA25-77E5-4A40-A97F-D0AA37B9FB26}.Release_Ubuntu|Any CPU.ActiveCfg = Release_Ubuntu|Any CPU
		{C648BA25-77E5-4A40-A97F-D0AA37B9FB26}.Release_Ubuntu|Any CPU.Build.0 = Release_Ubuntu|Any CPU
		{C648BA25-77E5-4A40-A97F-D0AA37B9FB26}.Release|Any CPU.ActiveCfg = Release|Any CPU
		{C648BA25-77E5-4A40-A97F-D0AA37B9FB26}.Release|Any CPU.Build.0 = Release|Any CPU
		{C763D900-12F9-4264-BB2B-D591AEBD8064}.Debug|Any CPU.ActiveCfg = Debug|Any CPU
		{C763D900-12F9-4264-BB2B-D591AEBD8064}.Debug|Any CPU.Build.0 = Debug|Any CPU
		{C763D900-12F9-4264-BB2B-D591AEBD8064}.Release|Any CPU.ActiveCfg = Release|Any CPU
		{C763D900-12F9-4264-BB2B-D591AEBD8064}.Release|Any CPU.Build.0 = Release|Any CPU
		{C763D900-12F9-4264-BB2B-D591AEBD8064}.Debug_Ubuntu|Any CPU.ActiveCfg = Debug|Any CPU
		{C763D900-12F9-4264-BB2B-D591AEBD8064}.Debug_Ubuntu|Any CPU.Build.0 = Debug|Any CPU
		{C763D900-12F9-4264-BB2B-D591AEBD8064}.Release_Ubuntu|Any CPU.ActiveCfg = Debug|Any CPU
		{C763D900-12F9-4264-BB2B-D591AEBD8064}.Release_Ubuntu|Any CPU.Build.0 = Debug|Any CPU
		{DDDB113F-961B-4CF6-92DD-3248B9C90A3D}.Debug|Any CPU.ActiveCfg = Debug|Any CPU
		{DDDB113F-961B-4CF6-92DD-3248B9C90A3D}.Debug|Any CPU.Build.0 = Debug|Any CPU
		{DDDB113F-961B-4CF6-92DD-3248B9C90A3D}.Release|Any CPU.ActiveCfg = Release|Any CPU
		{DDDB113F-961B-4CF6-92DD-3248B9C90A3D}.Release|Any CPU.Build.0 = Release|Any CPU
		{DDDB113F-961B-4CF6-92DD-3248B9C90A3D}.Debug_Ubuntu|Any CPU.ActiveCfg = Debug|Any CPU
		{DDDB113F-961B-4CF6-92DD-3248B9C90A3D}.Debug_Ubuntu|Any CPU.Build.0 = Debug|Any CPU
		{DDDB113F-961B-4CF6-92DD-3248B9C90A3D}.Release_Ubuntu|Any CPU.ActiveCfg = Debug|Any CPU
		{DDDB113F-961B-4CF6-92DD-3248B9C90A3D}.Release_Ubuntu|Any CPU.Build.0 = Debug|Any CPU
	EndGlobalSection
	GlobalSection(MonoDevelopProperties) = preSolution
		StartupItem = websocket-sharp\websocket-sharp.csproj
		Policies = $0
		$0.TextStylePolicy = $1
		$1.inheritsSet = null
		$1.scope = text/x-csharp
		$0.CSharpFormattingPolicy = $2
		$2.inheritsSet = Mono
		$2.inheritsScope = text/x-csharp
		$2.scope = text/x-csharp
	EndGlobalSection
	GlobalSection(NestedProjects) = preSolution
		{DDDB113F-961B-4CF6-92DD-3248B9C90A3D} = {E15CB7D3-1999-4894-9FA6-FB3A43DF408D}
	EndGlobalSection
EndGlobal
